{
  "name": "navidad",
  "version": "1.0.0",
  "lockfileVersion": 3,
  "requires": true,
  "packages": {
    "": {
      "name": "navidad",
      "version": "1.0.0",
      "license": "ISC",
      "dependencies": {
        "navidad": "file:"
      }
    },
    "node_modules/navidad": {
      "resolved": "",
      "link": true
    }
  }
}
